
Microsoft Visual Studio Solution File, Format Version 12.00
# Visual Studio Version 16
VisualStudioVersion = 16.0.31313.79
MinimumVisualStudioVersion = 10.0.40219.1
Project("{FAE04EC0-301F-11D3-BF4B-00C04F79EFBC}") = "Actividad n°1 2do intento", "Actividad n°1 2do intento.csproj", "{3197B875-D648-44B1-9D62-80E950649599}"
EndProject
Global
	GlobalSection(SolutionConfigurationPlatforms) = preSolution
		Debug|Any CPU = Debug|Any CPU
		Release|Any CPU = Release|Any CPU
	EndGlobalSection
	GlobalSection(ProjectConfigurationPlatforms) = postSolution
		{3197B875-D648-44B1-9D62-80E950649599}.Debug|Any CPU.ActiveCfg = Debug|Any CPU
		{3197B875-D648-44B1-9D62-80E950649599}.Debug|Any CPU.Build.0 = Debug|Any CPU
		{3197B875-D648-44B1-9D62-80E950649599}.Release|Any CPU.ActiveCfg = Release|Any CPU
		{3197B875-D648-44B1-9D62-80E950649599}.Release|Any CPU.Build.0 = Release|Any CPU
	EndGlobalSection
	GlobalSection(SolutionProperties) = preSolution
		HideSolutionNode = FALSE
	EndGlobalSection
	GlobalSection(ExtensibilityGlobals) = postSolution
		SolutionGuid = {2B89BF02-7C72-4335-8E6D-BB66DA6FAEA2}
	EndGlobalSection
EndGlobal
